
Microsoft Visual Studio Solution File, Format Version 12.00
# Visual Studio Version 16
VisualStudioVersion = 16.0.29509.3
MinimumVisualStudioVersion = 10.0.40219.1
Project("{FAE04EC0-301F-11D3-BF4B-00C04F79EFBC}") = "MvvmMicro.Sample.Wpf", "MvvmMicro.Sample.Wpf.csproj", "{BBFB5394-E5FC-421F-B527-B08E79BF6AF4}"
EndProject
Global
	GlobalSection(SolutionConfigurationPlatforms) = preSolution
		Debug|Any CPU = Debug|Any CPU
		Release|Any CPU = Release|Any CPU
	EndGlobalSection
	GlobalSection(ProjectConfigurationPlatforms) = postSolution
		{BBFB5394-E5FC-421F-B527-B08E79BF6AF4}.Debug|Any CPU.ActiveCfg = Debug|Any CPU
		{BBFB5394-E5FC-421F-B527-B08E79BF6AF4}.Debug|Any CPU.Build.0 = Debug|Any CPU
		{BBFB5394-E5FC-421F-B527-B08E79BF6AF4}.Release|Any CPU.ActiveCfg = Release|Any CPU
		{BBFB5394-E5FC-421F-B527-B08E79BF6AF4}.Release|Any CPU.Build.0 = Release|Any CPU
	EndGlobalSection
	GlobalSection(SolutionProperties) = preSolution
		HideSolutionNode = FALSE
	EndGlobalSection
	GlobalSection(ExtensibilityGlobals) = postSolution
		SolutionGuid = {E144B0BD-65F1-4B16-816D-E98F4A2ADA11}
	EndGlobalSection
EndGlobal
